// !$*UTF8*$!
{
	archiveVersion = 1;
	classes = {
	};
	objectVersion = 56;
	objects = {

/* Begin PBXBuildFile section */
		3407B782297590C3005077AC /* Struct ExerciseTool.swift in Sources */ = {isa = PBXBuildFile; fileRef = 3407B781297590C3005077AC /* Struct ExerciseTool.swift */; };
		3407B78529759698005077AC /* Session.swift in Sources */ = {isa = PBXBuildFile; fileRef = 3407B78429759698005077AC /* Session.swift */; };
		3407B78729759777005077AC /* ManageSessions.swift in Sources */ = {isa = PBXBuildFile; fileRef = 3407B78629759777005077AC /* ManageSessions.swift */; };
		3407B789297598E0005077AC /* CreateNewSession.swift in Sources */ = {isa = PBXBuildFile; fileRef = 3407B788297598E0005077AC /* CreateNewSession.swift */; };
		3407B78B2975995A005077AC /* Default SubTitle.swift in Sources */ = {isa = PBXBuildFile; fileRef = 3407B78A2975995A005077AC /* Default SubTitle.swift */; };
		3407B78D297599DA005077AC /* AddToolsToSession.swift in Sources */ = {isa = PBXBuildFile; fileRef = 3407B78C297599DA005077AC /* AddToolsToSession.swift */; };
		3407B78F2975ADFA005077AC /* Default Line.swift in Sources */ = {isa = PBXBuildFile; fileRef = 3407B78E2975ADFA005077AC /* Default Line.swift */; };
		3445FD3129760F9600F9C46D /* Default ReturnButton.swift in Sources */ = {isa = PBXBuildFile; fileRef = 3445FD3029760F9600F9C46D /* Default ReturnButton.swift */; };
		346C9D912976C493009D2479 /* General User.swift in Sources */ = {isa = PBXBuildFile; fileRef = 346C9D902976C493009D2479 /* General User.swift */; };
		346C9D952976C9DE009D2479 /* Play.swift in Sources */ = {isa = PBXBuildFile; fileRef = 346C9D942976C9DE009D2479 /* Play.swift */; };
		346C9D992976CD5F009D2479 /* Views For Playing.swift in Sources */ = {isa = PBXBuildFile; fileRef = 346C9D982976CD5E009D2479 /* Views For Playing.swift */; };
		346C9D9B2976F31D009D2479 /* FinishScreen.swift in Sources */ = {isa = PBXBuildFile; fileRef = 346C9D9A2976F31D009D2479 /* FinishScreen.swift */; };
		349352B22974AFA4002046FB /* FibrosisApp.swift in Sources */ = {isa = PBXBuildFile; fileRef = 349352B12974AFA4002046FB /* FibrosisApp.swift */; };
		349352B62974AFA7002046FB /* Assets.xcassets in Resources */ = {isa = PBXBuildFile; fileRef = 349352B52974AFA7002046FB /* Assets.xcassets */; };
		349352B92974AFA7002046FB /* Preview Assets.xcassets in Resources */ = {isa = PBXBuildFile; fileRef = 349352B82974AFA7002046FB /* Preview Assets.xcassets */; };
		349352C12974B0FF002046FB /* Companion Logic.swift in Sources */ = {isa = PBXBuildFile; fileRef = 349352C02974B0FF002046FB /* Companion Logic.swift */; };
		349352C32974B298002046FB /* AddSnackView.swift in Sources */ = {isa = PBXBuildFile; fileRef = 349352C22974B298002046FB /* AddSnackView.swift */; };
		349352C62974B3B8002046FB /* CustomColor Struct.swift in Sources */ = {isa = PBXBuildFile; fileRef = 349352C52974B3B8002046FB /* CustomColor Struct.swift */; };
		349352C82974B3D7002046FB /* Gradient.swift in Sources */ = {isa = PBXBuildFile; fileRef = 349352C72974B3D7002046FB /* Gradient.swift */; };
		349352CA2974B485002046FB /* Default Background.swift in Sources */ = {isa = PBXBuildFile; fileRef = 349352C92974B485002046FB /* Default Background.swift */; };
		349352CD2974B77A002046FB /* Default Title.swift in Sources */ = {isa = PBXBuildFile; fileRef = 349352CC2974B77A002046FB /* Default Title.swift */; };
/* End PBXBuildFile section */

/* Begin PBXFileReference section */
		3407B781297590C3005077AC /* Struct ExerciseTool.swift */ = {isa = PBXFileReference; lastKnownFileType = sourcecode.swift; path = "Struct ExerciseTool.swift"; sourceTree = "<group>"; };
		3407B78429759698005077AC /* Session.swift */ = {isa = PBXFileReference; lastKnownFileType = sourcecode.swift; path = Session.swift; sourceTree = "<group>"; };
		3407B78629759777005077AC /* ManageSessions.swift */ = {isa = PBXFileReference; lastKnownFileType = sourcecode.swift; path = ManageSessions.swift; sourceTree = "<group>"; };
		3407B788297598E0005077AC /* CreateNewSession.swift */ = {isa = PBXFileReference; lastKnownFileType = sourcecode.swift; path = CreateNewSession.swift; sourceTree = "<group>"; };
		3407B78A2975995A005077AC /* Default SubTitle.swift */ = {isa = PBXFileReference; lastKnownFileType = sourcecode.swift; path = "Default SubTitle.swift"; sourceTree = "<group>"; };
		3407B78C297599DA005077AC /* AddToolsToSession.swift */ = {isa = PBXFileReference; lastKnownFileType = sourcecode.swift; path = AddToolsToSession.swift; sourceTree = "<group>"; };
		3407B78E2975ADFA005077AC /* Default Line.swift */ = {isa = PBXFileReference; lastKnownFileType = sourcecode.swift; path = "Default Line.swift"; sourceTree = "<group>"; };
		3445FD3029760F9600F9C46D /* Default ReturnButton.swift */ = {isa = PBXFileReference; lastKnownFileType = sourcecode.swift; path = "Default ReturnButton.swift"; sourceTree = "<group>"; };
		346C9D902976C493009D2479 /* General User.swift */ = {isa = PBXFileReference; lastKnownFileType = sourcecode.swift; path = "General User.swift"; sourceTree = "<group>"; };
		346C9D942976C9DE009D2479 /* Play.swift */ = {isa = PBXFileReference; lastKnownFileType = sourcecode.swift; path = Play.swift; sourceTree = "<group>"; };
		346C9D982976CD5E009D2479 /* Views For Playing.swift */ = {isa = PBXFileReference; lastKnownFileType = sourcecode.swift; path = "Views For Playing.swift"; sourceTree = "<group>"; };
		346C9D9A2976F31D009D2479 /* FinishScreen.swift */ = {isa = PBXFileReference; lastKnownFileType = sourcecode.swift; path = FinishScreen.swift; sourceTree = "<group>"; };
		349352AE2974AFA4002046FB /* Fibrosis.app */ = {isa = PBXFileReference; explicitFileType = wrapper.application; includeInIndex = 0; path = Fibrosis.app; sourceTree = BUILT_PRODUCTS_DIR; };
		349352B12974AFA4002046FB /* FibrosisApp.swift */ = {isa = PBXFileReference; lastKnownFileType = sourcecode.swift; path = FibrosisApp.swift; sourceTree = "<group>"; };
		349352B52974AFA7002046FB /* Assets.xcassets */ = {isa = PBXFileReference; lastKnownFileType = folder.assetcatalog; path = Assets.xcassets; sourceTree = "<group>"; };
		349352B82974AFA7002046FB /* Preview Assets.xcassets */ = {isa = PBXFileReference; lastKnownFileType = folder.assetcatalog; path = "Preview Assets.xcassets"; sourceTree = "<group>"; };
		349352C02974B0FF002046FB /* Companion Logic.swift */ = {isa = PBXFileReference; lastKnownFileType = sourcecode.swift; path = "Companion Logic.swift"; sourceTree = "<group>"; };
		349352C22974B298002046FB /* AddSnackView.swift */ = {isa = PBXFileReference; lastKnownFileType = sourcecode.swift; path = AddSnackView.swift; sourceTree = "<group>"; };
		349352C52974B3B8002046FB /* CustomColor Struct.swift */ = {isa = PBXFileReference; lastKnownFileType = sourcecode.swift; path = "CustomColor Struct.swift"; sourceTree = "<group>"; };
		349352C72974B3D7002046FB /* Gradient.swift */ = {isa = PBXFileReference; lastKnownFileType = sourcecode.swift; path = Gradient.swift; sourceTree = "<group>"; };
		349352C92974B485002046FB /* Default Background.swift */ = {isa = PBXFileReference; lastKnownFileType = sourcecode.swift; path = "Default Background.swift"; sourceTree = "<group>"; };
		349352CC2974B77A002046FB /* Default Title.swift */ = {isa = PBXFileReference; lastKnownFileType = sourcecode.swift; path = "Default Title.swift"; sourceTree = "<group>"; };
/* End PBXFileReference section */

/* Begin PBXFrameworksBuildPhase section */
		349352AB2974AFA3002046FB /* Frameworks */ = {
			isa = PBXFrameworksBuildPhase;
			buildActionMask = 2147483647;
			files = (
			);
			runOnlyForDeploymentPostprocessing = 0;
		};
/* End PBXFrameworksBuildPhase section */

/* Begin PBXGroup section */
		3407B780297590B0005077AC /* Exercises */ = {
			isa = PBXGroup;
			children = (
				346C9D932976C9B7009D2479 /* Play */,
				346C9D922976C9A9009D2479 /* Manage Sessions */,
				3407B7832975964B005077AC /* Exercises Logic */,
			);
			path = Exercises;
			sourceTree = "<group>";
		};
		3407B7832975964B005077AC /* Exercises Logic */ = {
			isa = PBXGroup;
			children = (
				3407B781297590C3005077AC /* Struct ExerciseTool.swift */,
				3407B78429759698005077AC /* Session.swift */,
			);
			path = "Exercises Logic";
			sourceTree = "<group>";
		};
		346C9D8F2976C47E009D2479 /* User */ = {
			isa = PBXGroup;
			children = (
				346C9D902976C493009D2479 /* General User.swift */,
			);
			path = User;
			sourceTree = "<group>";
		};
		346C9D922976C9A9009D2479 /* Manage Sessions */ = {
			isa = PBXGroup;
			children = (
				3407B78629759777005077AC /* ManageSessions.swift */,
				3407B788297598E0005077AC /* CreateNewSession.swift */,
				3407B78C297599DA005077AC /* AddToolsToSession.swift */,
			);
			path = "Manage Sessions";
			sourceTree = "<group>";
		};
		346C9D932976C9B7009D2479 /* Play */ = {
			isa = PBXGroup;
			children = (
				346C9D942976C9DE009D2479 /* Play.swift */,
				346C9D9A2976F31D009D2479 /* FinishScreen.swift */,
				346C9D982976CD5E009D2479 /* Views For Playing.swift */,
			);
			path = Play;
			sourceTree = "<group>";
		};
		349352A52974AFA3002046FB = {
			isa = PBXGroup;
			children = (
				349352B02974AFA4002046FB /* Fibrosis */,
				349352AF2974AFA4002046FB /* Products */,
			);
			sourceTree = "<group>";
		};
		349352AF2974AFA4002046FB /* Products */ = {
			isa = PBXGroup;
			children = (
				349352AE2974AFA4002046FB /* Fibrosis.app */,
			);
			name = Products;
			sourceTree = "<group>";
		};
		349352B02974AFA4002046FB /* Fibrosis */ = {
			isa = PBXGroup;
			children = (
				346C9D8F2976C47E009D2479 /* User */,
				349352CB2974B761002046FB /* Defaults */,
				349352C42974B3A8002046FB /* Extras */,
				3407B780297590B0005077AC /* Exercises */,
				349352BF2974B0DD002046FB /* Companion */,
				349352B12974AFA4002046FB /* FibrosisApp.swift */,
				349352B52974AFA7002046FB /* Assets.xcassets */,
				349352B72974AFA7002046FB /* Preview Content */,
			);
			path = Fibrosis;
			sourceTree = "<group>";
		};
		349352B72974AFA7002046FB /* Preview Content */ = {
			isa = PBXGroup;
			children = (
				349352B82974AFA7002046FB /* Preview Assets.xcassets */,
			);
			path = "Preview Content";
			sourceTree = "<group>";
		};
		349352BF2974B0DD002046FB /* Companion */ = {
			isa = PBXGroup;
			children = (
				349352C02974B0FF002046FB /* Companion Logic.swift */,
				349352C22974B298002046FB /* AddSnackView.swift */,
			);
			path = Companion;
			sourceTree = "<group>";
		};
		349352C42974B3A8002046FB /* Extras */ = {
			isa = PBXGroup;
			children = (
				349352C52974B3B8002046FB /* CustomColor Struct.swift */,
				349352C72974B3D7002046FB /* Gradient.swift */,
			);
			path = Extras;
			sourceTree = "<group>";
		};
		349352CB2974B761002046FB /* Defaults */ = {
			isa = PBXGroup;
			children = (
				349352C92974B485002046FB /* Default Background.swift */,
				349352CC2974B77A002046FB /* Default Title.swift */,
				3407B78A2975995A005077AC /* Default SubTitle.swift */,
				3407B78E2975ADFA005077AC /* Default Line.swift */,
				3445FD3029760F9600F9C46D /* Default ReturnButton.swift */,
			);
			path = Defaults;
			sourceTree = "<group>";
		};
/* End PBXGroup section */

/* Begin PBXNativeTarget section */
		349352AD2974AFA3002046FB /* Fibrosis */ = {
			isa = PBXNativeTarget;
			buildConfigurationList = 349352BC2974AFA7002046FB /* Build configuration list for PBXNativeTarget "Fibrosis" */;
			buildPhases = (
				349352AA2974AFA3002046FB /* Sources */,
				349352AB2974AFA3002046FB /* Frameworks */,
				349352AC2974AFA3002046FB /* Resources */,
			);
			buildRules = (
			);
			dependencies = (
			);
			name = Fibrosis;
			productName = Fibrosis;
			productReference = 349352AE2974AFA4002046FB /* Fibrosis.app */;
			productType = "com.apple.product-type.application";
		};
/* End PBXNativeTarget section */

/* Begin PBXProject section */
		349352A62974AFA3002046FB /* Project object */ = {
			isa = PBXProject;
			attributes = {
				BuildIndependentTargetsInParallel = 1;
				LastSwiftUpdateCheck = 1420;
				LastUpgradeCheck = 1420;
				TargetAttributes = {
					349352AD2974AFA3002046FB = {
						CreatedOnToolsVersion = 14.2;
					};
				};
			};
			buildConfigurationList = 349352A92974AFA3002046FB /* Build configuration list for PBXProject "Fibrosis" */;
			compatibilityVersion = "Xcode 14.0";
			developmentRegion = en;
			hasScannedForEncodings = 0;
			knownRegions = (
				en,
				Base,
			);
			mainGroup = 349352A52974AFA3002046FB;
			productRefGroup = 349352AF2974AFA4002046FB /* Products */;
			projectDirPath = "";
			projectRoot = "";
			targets = (
				349352AD2974AFA3002046FB /* Fibrosis */,
			);
		};
/* End PBXProject section */

/* Begin PBXResourcesBuildPhase section */
		349352AC2974AFA3002046FB /* Resources */ = {
			isa = PBXResourcesBuildPhase;
			buildActionMask = 2147483647;
			files = (
				349352B92974AFA7002046FB /* Preview Assets.xcassets in Resources */,
				349352B62974AFA7002046FB /* Assets.xcassets in Resources */,
			);
			runOnlyForDeploymentPostprocessing = 0;
		};
/* End PBXResourcesBuildPhase section */

/* Begin PBXSourcesBuildPhase section */
		349352AA2974AFA3002046FB /* Sources */ = {
			isa = PBXSourcesBuildPhase;
			buildActionMask = 2147483647;
			files = (
				3407B78729759777005077AC /* ManageSessions.swift in Sources */,
				3407B78D297599DA005077AC /* AddToolsToSession.swift in Sources */,
				3407B78529759698005077AC /* Session.swift in Sources */,
				3407B782297590C3005077AC /* Struct ExerciseTool.swift in Sources */,
				349352C62974B3B8002046FB /* CustomColor Struct.swift in Sources */,
				346C9D9B2976F31D009D2479 /* FinishScreen.swift in Sources */,
				3445FD3129760F9600F9C46D /* Default ReturnButton.swift in Sources */,
				346C9D952976C9DE009D2479 /* Play.swift in Sources */,
				349352C32974B298002046FB /* AddSnackView.swift in Sources */,
				3407B78F2975ADFA005077AC /* Default Line.swift in Sources */,
				349352CA2974B485002046FB /* Default Background.swift in Sources */,
				349352C12974B0FF002046FB /* Companion Logic.swift in Sources */,
				346C9D912976C493009D2479 /* General User.swift in Sources */,
				349352CD2974B77A002046FB /* Default Title.swift in Sources */,
				349352B22974AFA4002046FB /* FibrosisApp.swift in Sources */,
				3407B78B2975995A005077AC /* Default SubTitle.swift in Sources */,
				349352C82974B3D7002046FB /* Gradient.swift in Sources */,
				3407B789297598E0005077AC /* CreateNewSession.swift in Sources */,
				346C9D992976CD5F009D2479 /* Views For Playing.swift in Sources */,
			);
			runOnlyForDeploymentPostprocessing = 0;
		};
/* End PBXSourcesBuildPhase section */

/* Begin XCBuildConfiguration section */
		349352BA2974AFA7002046FB /* Debug */ = {
			isa = XCBuildConfiguration;
			buildSettings = {
				ALWAYS_SEARCH_USER_PATHS = NO;
				CLANG_ANALYZER_NONNULL = YES;
				CLANG_ANALYZER_NUMBER_OBJECT_CONVERSION = YES_AGGRESSIVE;
				CLANG_CXX_LANGUAGE_STANDARD = "gnu++20";
				CLANG_ENABLE_MODULES = YES;
				CLANG_ENABLE_OBJC_ARC = YES;
				CLANG_ENABLE_OBJC_WEAK = YES;
				CLANG_WARN_BLOCK_CAPTURE_AUTORELEASING = YES;
				CLANG_WARN_BOOL_CONVERSION = YES;
				CLANG_WARN_COMMA = YES;
				CLANG_WARN_CONSTANT_CONVERSION = YES;
				CLANG_WARN_DEPRECATED_OBJC_IMPLEMENTATIONS = YES;
				CLANG_WARN_DIRECT_OBJC_ISA_USAGE = YES_ERROR;
				CLANG_WARN_DOCUMENTATION_COMMENTS = YES;
				CLANG_WARN_EMPTY_BODY = YES;
				CLANG_WARN_ENUM_CONVERSION = YES;
				CLANG_WARN_INFINITE_RECURSION = YES;
				CLANG_WARN_INT_CONVERSION = YES;
				CLANG_WARN_NON_LITERAL_NULL_CONVERSION = YES;
				CLANG_WARN_OBJC_IMPLICIT_RETAIN_SELF = YES;
				CLANG_WARN_OBJC_LITERAL_CONVERSION = YES;
				CLANG_WARN_OBJC_ROOT_CLASS = YES_ERROR;
				CLANG_WARN_QUOTED_INCLUDE_IN_FRAMEWORK_HEADER = YES;
				CLANG_WARN_RANGE_LOOP_ANALYSIS = YES;
				CLANG_WARN_STRICT_PROTOTYPES = YES;
				CLANG_WARN_SUSPICIOUS_MOVE = YES;
				CLANG_WARN_UNGUARDED_AVAILABILITY = YES_AGGRESSIVE;
				CLANG_WARN_UNREACHABLE_CODE = YES;
				CLANG_WARN__DUPLICATE_METHOD_MATCH = YES;
				COPY_PHASE_STRIP = NO;
				DEBUG_INFORMATION_FORMAT = dwarf;
				ENABLE_STRICT_OBJC_MSGSEND = YES;
				ENABLE_TESTABILITY = YES;
				GCC_C_LANGUAGE_STANDARD = gnu11;
				GCC_DYNAMIC_NO_PIC = NO;
				GCC_NO_COMMON_BLOCKS = YES;
				GCC_OPTIMIZATION_LEVEL = 0;
				GCC_PREPROCESSOR_DEFINITIONS = (
					"DEBUG=1",
					"$(inherited)",
				);
				GCC_WARN_64_TO_32_BIT_CONVERSION = YES;
				GCC_WARN_ABOUT_RETURN_TYPE = YES_ERROR;
				GCC_WARN_UNDECLARED_SELECTOR = YES;
				GCC_WARN_UNINITIALIZED_AUTOS = YES_AGGRESSIVE;
				GCC_WARN_UNUSED_FUNCTION = YES;
				GCC_WARN_UNUSED_VARIABLE = YES;
				IPHONEOS_DEPLOYMENT_TARGET = 16.2;
				MTL_ENABLE_DEBUG_INFO = INCLUDE_SOURCE;
				MTL_FAST_MATH = YES;
				ONLY_ACTIVE_ARCH = YES;
				SDKROOT = iphoneos;
				SWIFT_ACTIVE_COMPILATION_CONDITIONS = DEBUG;
				SWIFT_OPTIMIZATION_LEVEL = "-Onone";
			};
			name = Debug;
		};
		349352BB2974AFA7002046FB /* Release */ = {
			isa = XCBuildConfiguration;
			buildSettings = {
				ALWAYS_SEARCH_USER_PATHS = NO;
				CLANG_ANALYZER_NONNULL = YES;
				CLANG_ANALYZER_NUMBER_OBJECT_CONVERSION = YES_AGGRESSIVE;
				CLANG_CXX_LANGUAGE_STANDARD = "gnu++20";
				CLANG_ENABLE_MODULES = YES;
				CLANG_ENABLE_OBJC_ARC = YES;
				CLANG_ENABLE_OBJC_WEAK = YES;
				CLANG_WARN_BLOCK_CAPTURE_AUTORELEASING = YES;
				CLANG_WARN_BOOL_CONVERSION = YES;
				CLANG_WARN_COMMA = YES;
				CLANG_WARN_CONSTANT_CONVERSION = YES;
				CLANG_WARN_DEPRECATED_OBJC_IMPLEMENTATIONS = YES;
				CLANG_WARN_DIRECT_OBJC_ISA_USAGE = YES_ERROR;
				CLANG_WARN_DOCUMENTATION_COMMENTS = YES;
				CLANG_WARN_EMPTY_BODY = YES;
				CLANG_WARN_ENUM_CONVERSION = YES;
				CLANG_WARN_INFINITE_RECURSION = YES;
				CLANG_WARN_INT_CONVERSION = YES;
				CLANG_WARN_NON_LITERAL_NULL_CONVERSION = YES;
				CLANG_WARN_OBJC_IMPLICIT_RETAIN_SELF = YES;
				CLANG_WARN_OBJC_LITERAL_CONVERSION = YES;
				CLANG_WARN_OBJC_ROOT_CLASS = YES_ERROR;
				CLANG_WARN_QUOTED_INCLUDE_IN_FRAMEWORK_HEADER = YES;
				CLANG_WARN_RANGE_LOOP_ANALYSIS = YES;
				CLANG_WARN_STRICT_PROTOTYPES = YES;
				CLANG_WARN_SUSPICIOUS_MOVE = YES;
				CLANG_WARN_UNGUARDED_AVAILABILITY = YES_AGGRESSIVE;
				CLANG_WARN_UNREACHABLE_CODE = YES;
				CLANG_WARN__DUPLICATE_METHOD_MATCH = YES;
				COPY_PHASE_STRIP = NO;
				DEBUG_INFORMATION_FORMAT = "dwarf-with-dsym";
				ENABLE_NS_ASSERTIONS = NO;
				ENABLE_STRICT_OBJC_MSGSEND = YES;
				GCC_C_LANGUAGE_STANDARD = gnu11;
				GCC_NO_COMMON_BLOCKS = YES;
				GCC_WARN_64_TO_32_BIT_CONVERSION = YES;
				GCC_WARN_ABOUT_RETURN_TYPE = YES_ERROR;
				GCC_WARN_UNDECLARED_SELECTOR = YES;
				GCC_WARN_UNINITIALIZED_AUTOS = YES_AGGRESSIVE;
				GCC_WARN_UNUSED_FUNCTION = YES;
				GCC_WARN_UNUSED_VARIABLE = YES;
				IPHONEOS_DEPLOYMENT_TARGET = 16.2;
				MTL_ENABLE_DEBUG_INFO = NO;
				MTL_FAST_MATH = YES;
				SDKROOT = iphoneos;
				SWIFT_COMPILATION_MODE = wholemodule;
				SWIFT_OPTIMIZATION_LEVEL = "-O";
				VALIDATE_PRODUCT = YES;
			};
			name = Release;
		};
		349352BD2974AFA7002046FB /* Debug */ = {
			isa = XCBuildConfiguration;
			buildSettings = {
				ASSETCATALOG_COMPILER_APPICON_NAME = AppIcon;
				ASSETCATALOG_COMPILER_GLOBAL_ACCENT_COLOR_NAME = AccentColor;
				CODE_SIGN_STYLE = Automatic;
				CURRENT_PROJECT_VERSION = 1;
				DEVELOPMENT_ASSET_PATHS = "\"Fibrosis/Preview Content\"";
				DEVELOPMENT_TEAM = 834WJG58A6;
				ENABLE_PREVIEWS = YES;
				GENERATE_INFOPLIST_FILE = YES;
				INFOPLIST_KEY_UIApplicationSceneManifest_Generation = YES;
				INFOPLIST_KEY_UIApplicationSupportsIndirectInputEvents = YES;
				INFOPLIST_KEY_UILaunchScreen_Generation = YES;
				INFOPLIST_KEY_UISupportedInterfaceOrientations_iPad = "UIInterfaceOrientationPortrait UIInterfaceOrientationPortraitUpsideDown UIInterfaceOrientationLandscapeLeft UIInterfaceOrientationLandscapeRight";
				INFOPLIST_KEY_UISupportedInterfaceOrientations_iPhone = "UIInterfaceOrientationPortrait UIInterfaceOrientationLandscapeLeft UIInterfaceOrientationLandscapeRight";
				LD_RUNPATH_SEARCH_PATHS = (
					"$(inherited)",
					"@executable_path/Frameworks",
				);
				MARKETING_VERSION = 1.0;
				PRODUCT_BUNDLE_IDENTIFIER = rafaelneuwirthswierczynski.Fibrosis;
				PRODUCT_NAME = "$(TARGET_NAME)";
				SWIFT_EMIT_LOC_STRINGS = YES;
				SWIFT_VERSION = 5.0;
				TARGETED_DEVICE_FAMILY = "1,2";
			};
			name = Debug;
		};
		349352BE2974AFA7002046FB /* Release */ = {
			isa = XCBuildConfiguration;
			buildSettings = {
				ASSETCATALOG_COMPILER_APPICON_NAME = AppIcon;
				ASSETCATALOG_COMPILER_GLOBAL_ACCENT_COLOR_NAME = AccentColor;
				CODE_SIGN_STYLE = Automatic;
				CURRENT_PROJECT_VERSION = 1;
				DEVELOPMENT_ASSET_PATHS = "\"Fibrosis/Preview Content\"";
				DEVELOPMENT_TEAM = 834WJG58A6;
				ENABLE_PREVIEWS = YES;
				GENERATE_INFOPLIST_FILE = YES;
				INFOPLIST_KEY_UIApplicationSceneManifest_Generation = YES;
				INFOPLIST_KEY_UIApplicationSupportsIndirectInputEvents = YES;
				INFOPLIST_KEY_UILaunchScreen_Generation = YES;
				INFOPLIST_KEY_UISupportedInterfaceOrientations_iPad = "UIInterfaceOrientationPortrait UIInterfaceOrientationPortraitUpsideDown UIInterfaceOrientationLandscapeLeft UIInterfaceOrientationLandscapeRight";
				INFOPLIST_KEY_UISupportedInterfaceOrientations_iPhone = "UIInterfaceOrientationPortrait UIInterfaceOrientationLandscapeLeft UIInterfaceOrientationLandscapeRight";
				LD_RUNPATH_SEARCH_PATHS = (
					"$(inherited)",
					"@executable_path/Frameworks",
				);
				MARKETING_VERSION = 1.0;
				PRODUCT_BUNDLE_IDENTIFIER = rafaelneuwirthswierczynski.Fibrosis;
				PRODUCT_NAME = "$(TARGET_NAME)";
				SWIFT_EMIT_LOC_STRINGS = YES;
				SWIFT_VERSION = 5.0;
				TARGETED_DEVICE_FAMILY = "1,2";
			};
			name = Release;
		};
/* End XCBuildConfiguration section */

/* Begin XCConfigurationList section */
		349352A92974AFA3002046FB /* Build configuration list for PBXProject "Fibrosis" */ = {
			isa = XCConfigurationList;
			buildConfigurations = (
				349352BA2974AFA7002046FB /* Debug */,
				349352BB2974AFA7002046FB /* Release */,
			);
			defaultConfigurationIsVisible = 0;
			defaultConfigurationName = Release;
		};
		349352BC2974AFA7002046FB /* Build configuration list for PBXNativeTarget "Fibrosis" */ = {
			isa = XCConfigurationList;
			buildConfigurations = (
				349352BD2974AFA7002046FB /* Debug */,
				349352BE2974AFA7002046FB /* Release */,
			);
			defaultConfigurationIsVisible = 0;
			defaultConfigurationName = Release;
		};
/* End XCConfigurationList section */
	};
	rootObject = 349352A62974AFA3002046FB /* Project object */;
}
